GEM
  remote: https://rubygems.org/
  specs:
    dotenv (2.8.1)
    json (2.6.2)
    logger (1.7.0)
    mustermann (3.0.0)
      ruby2_keywords (~> 0.0.1)
    nio4r (2.7.5)
    ostruct (0.6.3)
    puma (7.2.0)
      nio4r (~> 2.0)
    rack (2.2.6.4)
    rack-protection (3.0.4)
      rack
    ruby2_keywords (0.0.5)
    sinatra (3.0.4)
      mustermann (~> 3.0)
      rack (~> 2.2, >= 2.2.4)
      rack-protection (= 3.0.4)
      tilt (~> 2.0)
    sinatra-cross_origin (0.4.0)
    stripe (7.1.0)
    tilt (2.0.11)

PLATFORMS
  arm64-darwin-21
  x86-mingw32
  x86_64-linux

DEPENDENCIES
  dotenv
  json
  logger
  ostruct
  puma (>= 6.4)
  rack-protection
  sinatra
  sinatra-cross_origin
  stripe (~> 7.1.0)

RUBY VERSION
   ruby 3.4.8p72

BUNDLED WITH
   2.3.24
